{
  "name": "kafkajs-client",
  "version": "0.0.1",
  "lockfileVersion": 1,
  "requires": true,
  "dependencies": {
    "avro-js": {
      "version": "1.10.1",
      "resolved": "https://registry.npmjs.org/avro-js/-/avro-js-1.10.1.tgz",
      "integrity": "sha512-8LnX6ks0OwdGXY85q55SkZE1pkvR+rLgTnv3G4eJXYFSvTBBI79AQprICGZ6uhl/lsrGrHg2Ou9RMkzIhMXpXQ==",
      "requires": {
        "underscore": "*"
      }
    },
    "kafkajs": {
      "version": "1.12.0",
      "resolved": "https://registry.npmjs.org/kafkajs/-/kafkajs-1.12.0.tgz",
      "integrity": "sha512-Izkd9iFRgeeKaHEgVpGQH08ygzCbHSxTbnu8W3G3uiNaVjGibUTmTwjv1Qf2M8NORXcPfzwVyg6bBlVj4SKr9g==",
      "requires": {
        "long": "^4.0.0"
      }
    },
    "long": {
      "version": "4.0.0",
      "resolved": "https://registry.npmjs.org/long/-/long-4.0.0.tgz",
      "integrity": "sha512-XsP+KhQif4bjX1kbuSiySJFNAehNxgLb6hPRGJ9QsUr8ajHkuXGdrHmFUTUUXhDwVX2R5bY4JNZEwbUiMhV+MA=="
    },
    "underscore": {
      "version": "1.12.0",
      "resolved": "https://registry.npmjs.org/underscore/-/underscore-1.12.0.tgz",
      "integrity": "sha512-21rQzss/XPMjolTiIezSu3JAjgagXKROtNrYFEOWK109qY1Uv2tVjPTZ1ci2HgvQDA16gHYSthQIJfB+XId/rQ=="
    }
  }
}
