{
  "name": "kafkajs-client",
  "version": "0.0.1",
  "lockfileVersion": 2,
  "requires": true,
  "packages": {
    "": {
      "name": "kafkajs-client",
      "version": "0.0.1",
      "license": "Apache-2.0",
      "dependencies": {
        "@kafkajs/confluent-schema-registry": "^1.0.6",
        "avro-js": "^1.10.1",
        "kafkajs": "^1.12.0"
      }
    },
    "node_modules/@kafkajs/confluent-schema-registry": {
      "version": "1.0.6",
      "resolved": "https://registry.npmjs.org/@kafkajs/confluent-schema-registry/-/confluent-schema-registry-1.0.6.tgz",
      "integrity": "sha512-NrZL1peOIlmlLKvheQcJAx9PHdnc4kaW+9+Yt4jXUfbbYR9EFNCZt6yApI4SwlFilaiZieReM6XslWy1LZAvoQ==",
      "dependencies": {
        "avsc": ">= 5.4.13 < 6",
        "mappersmith": ">= 2.30.1 < 3"
      }
    },
    "node_modules/avro-js": {
      "version": "1.10.1",
      "resolved": "https://registry.npmjs.org/avro-js/-/avro-js-1.10.1.tgz",
      "integrity": "sha512-8LnX6ks0OwdGXY85q55SkZE1pkvR+rLgTnv3G4eJXYFSvTBBI79AQprICGZ6uhl/lsrGrHg2Ou9RMkzIhMXpXQ==",
      "dependencies": {
        "underscore": "*"
      }
    },
    "node_modules/avsc": {
      "version": "5.5.3",
      "resolved": "https://registry.npmjs.org/avsc/-/avsc-5.5.3.tgz",
      "integrity": "sha512-LaBbmBsus1mpK+6i99AF57/tUP8/wAj9+ZZm/5HGNIWN0dUZWUEp4/o79pAiRz49Mdb3PskltbCFD3w115TdZQ==",
      "engines": {
        "node": ">=0.11"
      }
    },
    "node_modules/kafkajs": {
      "version": "1.12.0",
      "resolved": "https://registry.npmjs.org/kafkajs/-/kafkajs-1.12.0.tgz",
      "integrity": "sha512-Izkd9iFRgeeKaHEgVpGQH08ygzCbHSxTbnu8W3G3uiNaVjGibUTmTwjv1Qf2M8NORXcPfzwVyg6bBlVj4SKr9g==",
      "dependencies": {
        "long": "^4.0.0"
      },
      "engines": {
        "node": ">=8.6.0"
      }
    },
    "node_modules/long": {
      "version": "4.0.0",
      "resolved": "https://registry.npmjs.org/long/-/long-4.0.0.tgz",
      "integrity": "sha512-XsP+KhQif4bjX1kbuSiySJFNAehNxgLb6hPRGJ9QsUr8ajHkuXGdrHmFUTUUXhDwVX2R5bY4JNZEwbUiMhV+MA=="
    },
    "node_modules/mappersmith": {
      "version": "2.33.3",
      "resolved": "https://registry.npmjs.org/mappersmith/-/mappersmith-2.33.3.tgz",
      "integrity": "sha512-MHroRYjz707UQrzg9Wk0llCkNM5nRnsYU5KXtIsXieL+UCFDDUm30Miq+XxRBXlSDJIZOWGBAaM6Q2+A4qXDew=="
    },
    "node_modules/underscore": {
      "version": "1.12.0",
      "resolved": "https://registry.npmjs.org/underscore/-/underscore-1.12.0.tgz",
      "integrity": "sha512-21rQzss/XPMjolTiIezSu3JAjgagXKROtNrYFEOWK109qY1Uv2tVjPTZ1ci2HgvQDA16gHYSthQIJfB+XId/rQ=="
    }
  },
  "dependencies": {
    "@kafkajs/confluent-schema-registry": {
      "version": "1.0.6",
      "resolved": "https://registry.npmjs.org/@kafkajs/confluent-schema-registry/-/confluent-schema-registry-1.0.6.tgz",
      "integrity": "sha512-NrZL1peOIlmlLKvheQcJAx9PHdnc4kaW+9+Yt4jXUfbbYR9EFNCZt6yApI4SwlFilaiZieReM6XslWy1LZAvoQ==",
      "requires": {
        "avsc": ">= 5.4.13 < 6",
        "mappersmith": ">= 2.30.1 < 3"
      }
    },
    "avro-js": {
      "version": "1.10.1",
      "resolved": "https://registry.npmjs.org/avro-js/-/avro-js-1.10.1.tgz",
      "integrity": "sha512-8LnX6ks0OwdGXY85q55SkZE1pkvR+rLgTnv3G4eJXYFSvTBBI79AQprICGZ6uhl/lsrGrHg2Ou9RMkzIhMXpXQ==",
      "requires": {
        "underscore": "*"
      }
    },
    "avsc": {
      "version": "5.5.3",
      "resolved": "https://registry.npmjs.org/avsc/-/avsc-5.5.3.tgz",
      "integrity": "sha512-LaBbmBsus1mpK+6i99AF57/tUP8/wAj9+ZZm/5HGNIWN0dUZWUEp4/o79pAiRz49Mdb3PskltbCFD3w115TdZQ=="
    },
    "kafkajs": {
      "version": "1.12.0",
      "resolved": "https://registry.npmjs.org/kafkajs/-/kafkajs-1.12.0.tgz",
      "integrity": "sha512-Izkd9iFRgeeKaHEgVpGQH08ygzCbHSxTbnu8W3G3uiNaVjGibUTmTwjv1Qf2M8NORXcPfzwVyg6bBlVj4SKr9g==",
      "requires": {
        "long": "^4.0.0"
      }
    },
    "long": {
      "version": "4.0.0",
      "resolved": "https://registry.npmjs.org/long/-/long-4.0.0.tgz",
      "integrity": "sha512-XsP+KhQif4bjX1kbuSiySJFNAehNxgLb6hPRGJ9QsUr8ajHkuXGdrHmFUTUUXhDwVX2R5bY4JNZEwbUiMhV+MA=="
    },
    "mappersmith": {
      "version": "2.33.3",
      "resolved": "https://registry.npmjs.org/mappersmith/-/mappersmith-2.33.3.tgz",
      "integrity": "sha512-MHroRYjz707UQrzg9Wk0llCkNM5nRnsYU5KXtIsXieL+UCFDDUm30Miq+XxRBXlSDJIZOWGBAaM6Q2+A4qXDew=="
    },
    "underscore": {
      "version": "1.12.0",
      "resolved": "https://registry.npmjs.org/underscore/-/underscore-1.12.0.tgz",
      "integrity": "sha512-21rQzss/XPMjolTiIezSu3JAjgagXKROtNrYFEOWK109qY1Uv2tVjPTZ1ci2HgvQDA16gHYSthQIJfB+XId/rQ=="
    }
  }
}
